
Microsoft Visual Studio Solution File, Format Version 12.00
# Visual Studio Version 16
VisualStudioVersion = 16.0.31702.278
MinimumVisualStudioVersion = 10.0.40219.1
Project("{FAE04EC0-301F-11D3-BF4B-00C04F79EFBC}") = "OOPSample01", "OOPSample01\OOPSample01.csproj", "{3AF5E7DC-45C4-44A0-A5EC-FD182C957178}"
EndProject
Global
	GlobalSection(SolutionConfigurationPlatforms) = preSolution
		Debug|Any CPU = Debug|Any CPU
		Release|Any CPU = Release|Any CPU
	EndGlobalSection
	GlobalSection(ProjectConfigurationPlatforms) = postSolution
		{3AF5E7DC-45C4-44A0-A5EC-FD182C957178}.Debug|Any CPU.ActiveCfg = Debug|Any CPU
		{3AF5E7DC-45C4-44A0-A5EC-FD182C957178}.Debug|Any CPU.Build.0 = Debug|Any CPU
		{3AF5E7DC-45C4-44A0-A5EC-FD182C957178}.Release|Any CPU.ActiveCfg = Release|Any CPU
		{3AF5E7DC-45C4-44A0-A5EC-FD182C957178}.Release|Any CPU.Build.0 = Release|Any CPU
	EndGlobalSection
	GlobalSection(SolutionProperties) = preSolution
		HideSolutionNode = FALSE
	EndGlobalSection
	GlobalSection(ExtensibilityGlobals) = postSolution
		SolutionGuid = {494FEF14-2C2D-443A-A506-FA70D3B1B782}
	EndGlobalSection
EndGlobal
